
Microsoft Visual Studio Solution File, Format Version 12.00
# Visual Studio 15
VisualStudioVersion = 15.0.28010.2046
MinimumVisualStudioVersion = 10.0.40219.1
Project("{FAE04EC0-301F-11D3-BF4B-00C04F79EFBC}") = "ArrayLibrary", "ArrayLibrary\ArrayLibrary.csproj", "{F25577E0-AEAA-4D2A-A6C9-3A099F9961C7}"
EndProject
Project("{FAE04EC0-301F-11D3-BF4B-00C04F79EFBC}") = "Array.Tests", "Array.Tests\Array.Tests.csproj", "{CD8E8458-F52F-4E57-8D89-854AD8C368B4}"
EndProject
Global
	GlobalSection(SolutionConfigurationPlatforms) = preSolution
		Debug|Any CPU = Debug|Any CPU
		Release|Any CPU = Release|Any CPU
	EndGlobalSection
	GlobalSection(ProjectConfigurationPlatforms) = postSolution
		{F25577E0-AEAA-4D2A-A6C9-3A099F9961C7}.Debug|Any CPU.ActiveCfg = Debug|Any CPU
		{F25577E0-AEAA-4D2A-A6C9-3A099F9961C7}.Debug|Any CPU.Build.0 = Debug|Any CPU
		{F25577E0-AEAA-4D2A-A6C9-3A099F9961C7}.Release|Any CPU.ActiveCfg = Release|Any CPU
		{F25577E0-AEAA-4D2A-A6C9-3A099F9961C7}.Release|Any CPU.Build.0 = Release|Any CPU
		{CD8E8458-F52F-4E57-8D89-854AD8C368B4}.Debug|Any CPU.ActiveCfg = Debug|Any CPU
		{CD8E8458-F52F-4E57-8D89-854AD8C368B4}.Debug|Any CPU.Build.0 = Debug|Any CPU
		{CD8E8458-F52F-4E57-8D89-854AD8C368B4}.Release|Any CPU.ActiveCfg = Release|Any CPU
		{CD8E8458-F52F-4E57-8D89-854AD8C368B4}.Release|Any CPU.Build.0 = Release|Any CPU
	EndGlobalSection
	GlobalSection(SolutionProperties) = preSolution
		HideSolutionNode = FALSE
	EndGlobalSection
	GlobalSection(ExtensibilityGlobals) = postSolution
		SolutionGuid = {1BD0EC69-C6FB-4132-A29A-503058794681}
	EndGlobalSection
EndGlobal
